# This file was autogenerated by Stack.
# You should not edit this file by hand.
# For more information, please see the documentation at:
#   https://docs.haskellstack.org/en/stable/lock_files

packages:
- completed:
    hackage: syz-0.2.0.0@sha256:7307acb8f6ae7720e7e235c974281ecee912703c1394ebcac19caf83d70bb492,2345
    pantry-tree:
      sha256: a5438cf5c8f701d8e2aa6543ca3d591224b83dcc379063da5ed68727da0bb1ad
      size: 256
  original:
    hackage: syz-0.2.0.0
- completed:
    hackage: Ztrategic-0.2.0@sha256:38abbb4edc145b5e25a6eb9b217c72c89b809654b1d971ceeb58c4c954c93a1e,1715
    pantry-tree:
      sha256: 641ea9b0e678662c8272e85427f4f4f4131508e20f2855705be7e167911c219c
      size: 633
  original:
    hackage: Ztrategic-0.2.0
- completed:
    hackage: ZipperAG-1.0.0@sha256:29db34f3d9d8f1b05f81ea27cc388a960a4c75f8893cde435c78410aefdb5aa0,2005
    pantry-tree:
      sha256: ea7fdf417b72fc11102bb7e2dbfa1bcde172bfeda39beff80fe2bf0f2a2014ce
      size: 1690
  original:
    hackage: ZipperAG-1.0.0
- completed:
    hackage: haskell-src-1.0.4@sha256:cb6a3a6eeec405cf1beda0a9aac8421d838448df5adce73ba68af5ae01fed235,2026
    pantry-tree:
      sha256: af2c28e05b86589db22d60c174ccce6736c32f808cde28ba35932bf0d9413bee
      size: 622
  original:
    hackage: haskell-src-1.0.4
- completed:
    hackage: haskell-src-exts-1.23.1@sha256:339841f4a6710e915a0bac8df18d8a454c11d626131aee4d05b6be150b7f863e,4577
    pantry-tree:
      sha256: 572aeb73c927ca9b4df7b9a32345dfdc1ba72b7d4af1c38dc12cd6bc2843d88f
      size: 97804
  original:
    hackage: haskell-src-exts-1.23.1
- completed:
    hackage: Strafunski-StrategyLib-5.0.1.0@sha256:e8fb61d2a0c4d91786bb2096f6483c68f2c47de0077f74ac56d2a1cf9ed333bd,2523
    pantry-tree:
      sha256: 94310dbe7a8ad8c79788e843ab4eab34f616a52fcb5834cee7f32e5c761e6a15
      size: 2034
  original:
    hackage: Strafunski-StrategyLib-5.0.1.0
- completed:
    hackage: mtl-2.2.2@sha256:1050fb71acd9f5d67da7d992583f5bd0eb14407b9dc7acc122af1b738b706ca3,2261
    pantry-tree:
      sha256: b8bdc2259e2f943a7252fb164805666fe108ac959d398e0af27b43ba2ebc241c
      size: 1713
  original:
    hackage: mtl-2.2.2
- completed:
    hackage: transformers-0.5.6.2@sha256:6c959d14430f4deffb99579ba019de07c3d852a2122b6f449344386c7d75ff1d,3172
    pantry-tree:
      sha256: c79246ba7d61392c2f214376fed3c2a05e4b2649b93ec2c849a86493f278ace0
      size: 2512
  original:
    hackage: transformers-0.5.6.2
- completed:
    hackage: QuickCheck-2.15@sha256:39681745103da82b3d747ab49f3443982e595ba334517605e85ce3ef8ab0cec5,8743
    pantry-tree:
      sha256: 65f652205d1f76fa3c8bbb6f03f4927609122f0d26240c2cf2e20f2575d75ebd
      size: 2437
  original:
    hackage: QuickCheck-2.15
- completed:
    hackage: template-haskell-2.19.0.0@sha256:3e06c10b5813e88503196093e094140c6871ae3703a12a70024da755820b4d1a,2723
    pantry-tree:
      sha256: 8db1fa532b48dc0676818b627027b43edfa661716227d34042bf83fc146b77fc
      size: 1169
  original:
    hackage: template-haskell-2.19.0.0
- completed:
    hackage: random-1.2.1.2@sha256:32397de181e20ccaacf806ec70de9308cf044f089a2be37c936f3f8967bde867,6460
    pantry-tree:
      sha256: cd0fe2b39e4d4efad4d78f69c28b7fd49ffe2879923b3a9272352edc43a956e6
      size: 1528
  original:
    hackage: random-1.2.1.2
- completed:
    hackage: splitmix-0.1.0.5@sha256:caa9b4a92abf1496c7f6a3c0f4e357426a54880077cb9f04e260a8bfa034b77b,6596
    pantry-tree:
      sha256: 6eb34b55fb0eb1c41fe539fb8ece181e31e82f4c89abf2b1aaf46df4b274797d
      size: 1519
  original:
    hackage: splitmix-0.1.0.5
- completed:
    hackage: syb-0.7.2.4@sha256:936d5a92084ad9d88c5a9dd2e622deab57ce48ce85be93e6273b3f8eb64c12ca,3872
    pantry-tree:
      sha256: 6c15efe240114f1104a5241a2b1f75f825e284cf118b6c66898c7b8fb0084043
      size: 3400
  original:
    hackage: syb-0.7.2.4
- completed:
    hackage: happy-1.20.1.1@sha256:a381633c5e8f9e9e5a8e1900930ce13172397b4677fcfcc08cd38eb3f73b61b1,5811
    pantry-tree:
      sha256: a5b8a3cd39ffabdf0deb31483eb97cc2c270083738ceeddff75a894a953f6b92
      size: 8615
  original:
    hackage: happy-1.20.1.1
- completed:
    hackage: monadplus-1.4.3@sha256:af44a5abdce229908e4ce92b27266a09551603c31048fd3b67a3d00f513bff9c,993
    pantry-tree:
      sha256: 17541d527ae1c853bda7e2214e12cd8056934f16bc82d4776c60a0c14d91210a
      size: 298
  original:
    hackage: monadplus-1.4.3
- completed:
    hackage: state-plus-0.1.3@sha256:e9989ea4a13476a47285d5d1631acd4f0255fea2f60d53958e97048cfb6e375a,942
    pantry-tree:
      sha256: 684c3710117f92b1cd567e224afd3a46acc82d6d81d817ea6567eb2203cc3d63
      size: 328
  original:
    hackage: state-plus-0.1.3
snapshots: []
